
Microsoft Visual Studio Solution File, Format Version 12.00
# Visual Studio Version 17
VisualStudioVersion = 17.4.33213.308
MinimumVisualStudioVersion = 10.0.40219.1
Project("{9A19103F-16F7-4668-BE54-9A1E7A4F7556}") = "Common.Util", "Common\Common.Util\Common.Util.csproj", "{3611ACB5-B832-418A-907D-67EE012067A1}"
EndProject
Project("{9A19103F-16F7-4668-BE54-9A1E7A4F7556}") = "Common.MongoDb", "Common\Common.MongoDb\Common.MongoDb.csproj", "{507B3E7A-1179-42CB-A81E-D8C60ACD82CF}"
EndProject
Project("{9A19103F-16F7-4668-BE54-9A1E7A4F7556}") = "Common.Caching", "Common\Common.Caching\Common.Caching.csproj", "{67436268-DDCA-4610-AFB0-5479E48D6CCA}"
EndProject
Project("{9A19103F-16F7-4668-BE54-9A1E7A4F7556}") = "UserEngine", "UserEngine\UserEngine\UserEngine.csproj", "{3113BC5D-5302-4023-8D20-0A924C73855C}"
EndProject
Project("{E53339B2-1760-4266-BCC7-CA923CBCF16C}") = "docker-compose", "docker-compose.dcproj", "{766862EB-8F31-47F8-824B-06B6A76F221E}"
EndProject
Global
	GlobalSection(SolutionConfigurationPlatforms) = preSolution
		Debug|Any CPU = Debug|Any CPU
		Release|Any CPU = Release|Any CPU
	EndGlobalSection
	GlobalSection(ProjectConfigurationPlatforms) = postSolution
		{3611ACB5-B832-418A-907D-67EE012067A1}.Debug|Any CPU.ActiveCfg = Debug|Any CPU
		{3611ACB5-B832-418A-907D-67EE012067A1}.Debug|Any CPU.Build.0 = Debug|Any CPU
		{3611ACB5-B832-418A-907D-67EE012067A1}.Release|Any CPU.ActiveCfg = Release|Any CPU
		{3611ACB5-B832-418A-907D-67EE012067A1}.Release|Any CPU.Build.0 = Release|Any CPU
		{507B3E7A-1179-42CB-A81E-D8C60ACD82CF}.Debug|Any CPU.ActiveCfg = Debug|Any CPU
		{507B3E7A-1179-42CB-A81E-D8C60ACD82CF}.Debug|Any CPU.Build.0 = Debug|Any CPU
		{507B3E7A-1179-42CB-A81E-D8C60ACD82CF}.Release|Any CPU.ActiveCfg = Release|Any CPU
		{507B3E7A-1179-42CB-A81E-D8C60ACD82CF}.Release|Any CPU.Build.0 = Release|Any CPU
		{67436268-DDCA-4610-AFB0-5479E48D6CCA}.Debug|Any CPU.ActiveCfg = Debug|Any CPU
		{67436268-DDCA-4610-AFB0-5479E48D6CCA}.Debug|Any CPU.Build.0 = Debug|Any CPU
		{67436268-DDCA-4610-AFB0-5479E48D6CCA}.Release|Any CPU.ActiveCfg = Release|Any CPU
		{67436268-DDCA-4610-AFB0-5479E48D6CCA}.Release|Any CPU.Build.0 = Release|Any CPU
		{3113BC5D-5302-4023-8D20-0A924C73855C}.Debug|Any CPU.ActiveCfg = Debug|Any CPU
		{3113BC5D-5302-4023-8D20-0A924C73855C}.Debug|Any CPU.Build.0 = Debug|Any CPU
		{3113BC5D-5302-4023-8D20-0A924C73855C}.Release|Any CPU.ActiveCfg = Release|Any CPU
		{3113BC5D-5302-4023-8D20-0A924C73855C}.Release|Any CPU.Build.0 = Release|Any CPU
		{766862EB-8F31-47F8-824B-06B6A76F221E}.Debug|Any CPU.ActiveCfg = Debug|Any CPU
		{766862EB-8F31-47F8-824B-06B6A76F221E}.Debug|Any CPU.Build.0 = Debug|Any CPU
		{766862EB-8F31-47F8-824B-06B6A76F221E}.Release|Any CPU.ActiveCfg = Release|Any CPU
		{766862EB-8F31-47F8-824B-06B6A76F221E}.Release|Any CPU.Build.0 = Release|Any CPU
	EndGlobalSection
	GlobalSection(SolutionProperties) = preSolution
		HideSolutionNode = FALSE
	EndGlobalSection
	GlobalSection(ExtensibilityGlobals) = postSolution
		SolutionGuid = {362480DF-CB33-457B-92A6-E05A83F14F5C}
	EndGlobalSection
EndGlobal
