
Microsoft Visual Studio Solution File, Format Version 12.00
# Visual Studio Version 17
VisualStudioVersion = 17.4.33213.308
MinimumVisualStudioVersion = 10.0.40219.1
Project("{FAE04EC0-301F-11D3-BF4B-00C04F79EFBC}") = "UserEngine", "UserEngine\UserEngine.csproj", "{E02594E9-7CBB-4248-B2FB-5F71BC80F3F0}"
EndProject
Global
	GlobalSection(SolutionConfigurationPlatforms) = preSolution
		Debug|Any CPU = Debug|Any CPU
		Release|Any CPU = Release|Any CPU
	EndGlobalSection
	GlobalSection(ProjectConfigurationPlatforms) = postSolution
		{E02594E9-7CBB-4248-B2FB-5F71BC80F3F0}.Debug|Any CPU.ActiveCfg = Debug|Any CPU
		{E02594E9-7CBB-4248-B2FB-5F71BC80F3F0}.Debug|Any CPU.Build.0 = Debug|Any CPU
		{E02594E9-7CBB-4248-B2FB-5F71BC80F3F0}.Release|Any CPU.ActiveCfg = Release|Any CPU
		{E02594E9-7CBB-4248-B2FB-5F71BC80F3F0}.Release|Any CPU.Build.0 = Release|Any CPU
	EndGlobalSection
	GlobalSection(SolutionProperties) = preSolution
		HideSolutionNode = FALSE
	EndGlobalSection
	GlobalSection(ExtensibilityGlobals) = postSolution
		SolutionGuid = {362480DF-CB33-457B-92A6-E05A83F14F5C}
	EndGlobalSection
EndGlobal
