
Microsoft Visual Studio Solution File, Format Version 12.00
# Visual Studio Version 17
VisualStudioVersion = 17.4.33213.308
MinimumVisualStudioVersion = 10.0.40219.1
Project("{FAE04EC0-301F-11D3-BF4B-00C04F79EFBC}") = "Common.Caching", "Common.Caching\Common.Caching.csproj", "{A82C134A-9B85-4D9B-ACE3-EE3A6DE67A59}"
EndProject
Project("{FAE04EC0-301F-11D3-BF4B-00C04F79EFBC}") = "Common.Messaging", "Common.Messaging\Common.Messaging.csproj", "{85684046-8463-4390-B3E8-6CD5A7A65E25}"
EndProject
Project("{FAE04EC0-301F-11D3-BF4B-00C04F79EFBC}") = "Common.Util", "Common.Util\Common.Util.csproj", "{99801D1E-5140-4E94-A2C6-8990C731FA4D}"
EndProject
Project("{FAE04EC0-301F-11D3-BF4B-00C04F79EFBC}") = "Common.MongoDb", "Common.MongoDb\Common.MongoDb.csproj", "{E706E748-E5B3-425E-8C7B-88868AF8288D}"
EndProject
Global
	GlobalSection(SolutionConfigurationPlatforms) = preSolution
		Debug|Any CPU = Debug|Any CPU
		Release|Any CPU = Release|Any CPU
	EndGlobalSection
	GlobalSection(ProjectConfigurationPlatforms) = postSolution
		{A82C134A-9B85-4D9B-ACE3-EE3A6DE67A59}.Debug|Any CPU.ActiveCfg = Debug|Any CPU
		{A82C134A-9B85-4D9B-ACE3-EE3A6DE67A59}.Debug|Any CPU.Build.0 = Debug|Any CPU
		{A82C134A-9B85-4D9B-ACE3-EE3A6DE67A59}.Release|Any CPU.ActiveCfg = Release|Any CPU
		{A82C134A-9B85-4D9B-ACE3-EE3A6DE67A59}.Release|Any CPU.Build.0 = Release|Any CPU
		{85684046-8463-4390-B3E8-6CD5A7A65E25}.Debug|Any CPU.ActiveCfg = Debug|Any CPU
		{85684046-8463-4390-B3E8-6CD5A7A65E25}.Debug|Any CPU.Build.0 = Debug|Any CPU
		{85684046-8463-4390-B3E8-6CD5A7A65E25}.Release|Any CPU.ActiveCfg = Release|Any CPU
		{85684046-8463-4390-B3E8-6CD5A7A65E25}.Release|Any CPU.Build.0 = Release|Any CPU
		{99801D1E-5140-4E94-A2C6-8990C731FA4D}.Debug|Any CPU.ActiveCfg = Debug|Any CPU
		{99801D1E-5140-4E94-A2C6-8990C731FA4D}.Debug|Any CPU.Build.0 = Debug|Any CPU
		{99801D1E-5140-4E94-A2C6-8990C731FA4D}.Release|Any CPU.ActiveCfg = Release|Any CPU
		{99801D1E-5140-4E94-A2C6-8990C731FA4D}.Release|Any CPU.Build.0 = Release|Any CPU
		{E706E748-E5B3-425E-8C7B-88868AF8288D}.Debug|Any CPU.ActiveCfg = Debug|Any CPU
		{E706E748-E5B3-425E-8C7B-88868AF8288D}.Debug|Any CPU.Build.0 = Debug|Any CPU
		{E706E748-E5B3-425E-8C7B-88868AF8288D}.Release|Any CPU.ActiveCfg = Release|Any CPU
		{E706E748-E5B3-425E-8C7B-88868AF8288D}.Release|Any CPU.Build.0 = Release|Any CPU
	EndGlobalSection
	GlobalSection(SolutionProperties) = preSolution
		HideSolutionNode = FALSE
	EndGlobalSection
	GlobalSection(ExtensibilityGlobals) = postSolution
		SolutionGuid = {F6E0B88F-4CDE-4FC5-8D74-8CE79ACC0172}
	EndGlobalSection
EndGlobal
